// !$*UTF8*$!
{
	archiveVersion = 1;
	classes = {
	};
	objectVersion = 77;
	objects = {

/* Begin PBXContainerItemProxy section */
		D0E632A12CF58B7900989795 /* PBXContainerItemProxy */ = {
			isa = PBXContainerItemProxy;
			containerPortal = D0E632822CF58B7600989795 /* Project object */;
			proxyType = 1;
			remoteGlobalIDString = D0E632892CF58B7700989795;
			remoteInfo = FacebookCloneAllScreensUITabBar;
		};
		D0E632AB2CF58B7900989795 /* PBXContainerItemProxy */ = {
			isa = PBXContainerItemProxy;
			containerPortal = D0E632822CF58B7600989795 /* Project object */;
			proxyType = 1;
			remoteGlobalIDString = D0E632892CF58B7700989795;
			remoteInfo = FacebookCloneAllScreensUITabBar;
		};
/* End PBXContainerItemProxy section */

/* Begin PBXFileReference section */
		D0E6328A2CF58B7700989795 /* FacebookCloneAllScreensUITabBar.app */ = {isa = PBXFileReference; explicitFileType = wrapper.application; includeInIndex = 0; path = FacebookCloneAllScreensUITabBar.app; sourceTree = BUILT_PRODUCTS_DIR; };
		D0E632A02CF58B7900989795 /* FacebookCloneAllScreensUITabBarTests.xctest */ = {isa = PBXFileReference; explicitFileType = wrapper.cfbundle; includeInIndex = 0; path = FacebookCloneAllScreensUITabBarTests.xctest; sourceTree = BUILT_PRODUCTS_DIR; };
		D0E632AA2CF58B7900989795 /* FacebookCloneAllScreensUITabBarUITests.xctest */ = {isa = PBXFileReference; explicitFileType = wrapper.cfbundle; includeInIndex = 0; path = FacebookCloneAllScreensUITabBarUITests.xctest; sourceTree = BUILT_PRODUCTS_DIR; };
/* End PBXFileReference section */

/* Begin PBXFileSystemSynchronizedBuildFileExceptionSet section */
		D0E632B22CF58B7900989795 /* Exceptions for "FacebookCloneAllScreensUITabBar" folder in "FacebookCloneAllScreensUITabBar" target */ = {
			isa = PBXFileSystemSynchronizedBuildFileExceptionSet;
			membershipExceptions = (
				Info.plist,
			);
			target = D0E632892CF58B7700989795 /* FacebookCloneAllScreensUITabBar */;
		};
/* End PBXFileSystemSynchronizedBuildFileExceptionSet section */

/* Begin PBXFileSystemSynchronizedRootGroup section */
		D0E6328C2CF58B7700989795 /* FacebookCloneAllScreensUITabBar */ = {
			isa = PBXFileSystemSynchronizedRootGroup;
			exceptions = (
				D0E632B22CF58B7900989795 /* Exceptions for "FacebookCloneAllScreensUITabBar" folder in "FacebookCloneAllScreensUITabBar" target */,
			);
			path = FacebookCloneAllScreensUITabBar;
			sourceTree = "<group>";
		};
		D0E632A32CF58B7900989795 /* FacebookCloneAllScreensUITabBarTests */ = {
			isa = PBXFileSystemSynchronizedRootGroup;
			path = FacebookCloneAllScreensUITabBarTests;
			sourceTree = "<group>";
		};
		D0E632AD2CF58B7900989795 /* FacebookCloneAllScreensUITabBarUITests */ = {
			isa = PBXFileSystemSynchronizedRootGroup;
			path = FacebookCloneAllScreensUITabBarUITests;
			sourceTree = "<group>";
		};
/* End PBXFileSystemSynchronizedRootGroup section */

/* Begin PBXFrameworksBuildPhase section */
		D0E632872CF58B7700989795 /* Frameworks */ = {
			isa = PBXFrameworksBuildPhase;
			buildActionMask = 2147483647;
			files = (
			);
			runOnlyForDeploymentPostprocessing = 0;
		};
		D0E6329D2CF58B7900989795 /* Frameworks */ = {
			isa = PBXFrameworksBuildPhase;
			buildActionMask = 2147483647;
			files = (
			);
			runOnlyForDeploymentPostprocessing = 0;
		};
		D0E632A72CF58B7900989795 /* Frameworks */ = {
			isa = PBXFrameworksBuildPhase;
			buildActionMask = 2147483647;
			files = (
			);
			runOnlyForDeploymentPostprocessing = 0;
		};
/* End PBXFrameworksBuildPhase section */

/* Begin PBXGroup section */
		D0E632812CF58B7600989795 = {
			isa = PBXGroup;
			children = (
				D0E6328C2CF58B7700989795 /* FacebookCloneAllScreensUITabBar */,
				D0E632A32CF58B7900989795 /* FacebookCloneAllScreensUITabBarTests */,
				D0E632AD2CF58B7900989795 /* FacebookCloneAllScreensUITabBarUITests */,
				D0E6328B2CF58B7700989795 /* Products */,
			);
			sourceTree = "<group>";
		};
		D0E6328B2CF58B7700989795 /* Products */ = {
			isa = PBXGroup;
			children = (
				D0E6328A2CF58B7700989795 /* FacebookCloneAllScreensUITabBar.app */,
				D0E632A02CF58B7900989795 /* FacebookCloneAllScreensUITabBarTests.xctest */,
				D0E632AA2CF58B7900989795 /* FacebookCloneAllScreensUITabBarUITests.xctest */,
			);
			name = Products;
			sourceTree = "<group>";
		};
/* End PBXGroup section */

/* Begin PBXNativeTarget section */
		D0E632892CF58B7700989795 /* FacebookCloneAllScreensUITabBar */ = {
			isa = PBXNativeTarget;
			buildConfigurationList = D0E632B32CF58B7900989795 /* Build configuration list for PBXNativeTarget "FacebookCloneAllScreensUITabBar" */;
			buildPhases = (
				D0E632862CF58B7700989795 /* Sources */,
				D0E632872CF58B7700989795 /* Frameworks */,
				D0E632882CF58B7700989795 /* Resources */,
			);
			buildRules = (
			);
			dependencies = (
			);
			fileSystemSynchronizedGroups = (
				D0E6328C2CF58B7700989795 /* FacebookCloneAllScreensUITabBar */,
			);
			name = FacebookCloneAllScreensUITabBar;
			packageProductDependencies = (
			);
			productName = FacebookCloneAllScreensUITabBar;
			productReference = D0E6328A2CF58B7700989795 /* FacebookCloneAllScreensUITabBar.app */;
			productType = "com.apple.product-type.application";
		};
		D0E6329F2CF58B7900989795 /* FacebookCloneAllScreensUITabBarTests */ = {
			isa = PBXNativeTarget;
			buildConfigurationList = D0E632B82CF58B7900989795 /* Build configuration list for PBXNativeTarget "FacebookCloneAllScreensUITabBarTests" */;
			buildPhases = (
				D0E6329C2CF58B7900989795 /* Sources */,
				D0E6329D2CF58B7900989795 /* Frameworks */,
				D0E6329E2CF58B7900989795 /* Resources */,
			);
			buildRules = (
			);
			dependencies = (
				D0E632A22CF58B7900989795 /* PBXTargetDependency */,
			);
			fileSystemSynchronizedGroups = (
				D0E632A32CF58B7900989795 /* FacebookCloneAllScreensUITabBarTests */,
			);
			name = FacebookCloneAllScreensUITabBarTests;
			packageProductDependencies = (
			);
			productName = FacebookCloneAllScreensUITabBarTests;
			productReference = D0E632A02CF58B7900989795 /* FacebookCloneAllScreensUITabBarTests.xctest */;
			productType = "com.apple.product-type.bundle.unit-test";
		};
		D0E632A92CF58B7900989795 /* FacebookCloneAllScreensUITabBarUITests */ = {
			isa = PBXNativeTarget;
			buildConfigurationList = D0E632BB2CF58B7900989795 /* Build configuration list for PBXNativeTarget "FacebookCloneAllScreensUITabBarUITests" */;
			buildPhases = (
				D0E632A62CF58B7900989795 /* Sources */,
				D0E632A72CF58B7900989795 /* Frameworks */,
				D0E632A82CF58B7900989795 /* Resources */,
			);
			buildRules = (
			);
			dependencies = (
				D0E632AC2CF58B7900989795 /* PBXTargetDependency */,
			);
			fileSystemSynchronizedGroups = (
				D0E632AD2CF58B7900989795 /* FacebookCloneAllScreensUITabBarUITests */,
			);
			name = FacebookCloneAllScreensUITabBarUITests;
			packageProductDependencies = (
			);
			productName = FacebookCloneAllScreensUITabBarUITests;
			productReference = D0E632AA2CF58B7900989795 /* FacebookCloneAllScreensUITabBarUITests.xctest */;
			productType = "com.apple.product-type.bundle.ui-testing";
		};
/* End PBXNativeTarget section */

/* Begin PBXProject section */
		D0E632822CF58B7600989795 /* Project object */ = {
			isa = PBXProject;
			attributes = {
				BuildIndependentTargetsInParallel = 1;
				LastSwiftUpdateCheck = 1610;
				LastUpgradeCheck = 1610;
				TargetAttributes = {
					D0E632892CF58B7700989795 = {
						CreatedOnToolsVersion = 16.1;
					};
					D0E6329F2CF58B7900989795 = {
						CreatedOnToolsVersion = 16.1;
						TestTargetID = D0E632892CF58B7700989795;
					};
					D0E632A92CF58B7900989795 = {
						CreatedOnToolsVersion = 16.1;
						TestTargetID = D0E632892CF58B7700989795;
					};
				};
			};
			buildConfigurationList = D0E632852CF58B7600989795 /* Build configuration list for PBXProject "FacebookCloneAllScreensUITabBar" */;
			developmentRegion = en;
			hasScannedForEncodings = 0;
			knownRegions = (
				en,
				Base,
			);
			mainGroup = D0E632812CF58B7600989795;
			minimizedProjectReferenceProxies = 1;
			preferredProjectObjectVersion = 77;
			productRefGroup = D0E6328B2CF58B7700989795 /* Products */;
			projectDirPath = "";
			projectRoot = "";
			targets = (
				D0E632892CF58B7700989795 /* FacebookCloneAllScreensUITabBar */,
				D0E6329F2CF58B7900989795 /* FacebookCloneAllScreensUITabBarTests */,
				D0E632A92CF58B7900989795 /* FacebookCloneAllScreensUITabBarUITests */,
			);
		};
/* End PBXProject section */

/* Begin PBXResourcesBuildPhase section */
		D0E632882CF58B7700989795 /* Resources */ = {
			isa = PBXResourcesBuildPhase;
			buildActionMask = 2147483647;
			files = (
			);
			runOnlyForDeploymentPostprocessing = 0;
		};
		D0E6329E2CF58B7900989795 /* Resources */ = {
			isa = PBXResourcesBuildPhase;
			buildActionMask = 2147483647;
			files = (
			);
			runOnlyForDeploymentPostprocessing = 0;
		};
		D0E632A82CF58B7900989795 /* Resources */ = {
			isa = PBXResourcesBuildPhase;
			buildActionMask = 2147483647;
			files = (
			);
			runOnlyForDeploymentPostprocessing = 0;
		};
/* End PBXResourcesBuildPhase section */

/* Begin PBXSourcesBuildPhase section */
		D0E632862CF58B7700989795 /* Sources */ = {
			isa = PBXSourcesBuildPhase;
			buildActionMask = 2147483647;
			files = (
			);
			runOnlyForDeploymentPostprocessing = 0;
		};
		D0E6329C2CF58B7900989795 /* Sources */ = {
			isa = PBXSourcesBuildPhase;
			buildActionMask = 2147483647;
			files = (
			);
			runOnlyForDeploymentPostprocessing = 0;
		};
		D0E632A62CF58B7900989795 /* Sources */ = {
			isa = PBXSourcesBuildPhase;
			buildActionMask = 2147483647;
			files = (
			);
			runOnlyForDeploymentPostprocessing = 0;
		};
/* End PBXSourcesBuildPhase section */

/* Begin PBXTargetDependency section */
		D0E632A22CF58B7900989795 /* PBXTargetDependency */ = {
			isa = PBXTargetDependency;
			target = D0E632892CF58B7700989795 /* FacebookCloneAllScreensUITabBar */;
			targetProxy = D0E632A12CF58B7900989795 /* PBXContainerItemProxy */;
		};
		D0E632AC2CF58B7900989795 /* PBXTargetDependency */ = {
			isa = PBXTargetDependency;
			target = D0E632892CF58B7700989795 /* FacebookCloneAllScreensUITabBar */;
			targetProxy = D0E632AB2CF58B7900989795 /* PBXContainerItemProxy */;
		};
/* End PBXTargetDependency section */

/* Begin XCBuildConfiguration section */
		D0E632B42CF58B7900989795 /* Debug */ = {
			isa = XCBuildConfiguration;
			buildSettings = {
				ASSETCATALOG_COMPILER_APPICON_NAME = AppIcon;
				ASSETCATALOG_COMPILER_GLOBAL_ACCENT_COLOR_NAME = AccentColor;
				CODE_SIGN_STYLE = Automatic;
				CURRENT_PROJECT_VERSION = 1;
				GENERATE_INFOPLIST_FILE = YES;
				INFOPLIST_FILE = FacebookCloneAllScreensUITabBar/Info.plist;
				INFOPLIST_KEY_UIApplicationSupportsIndirectInputEvents = YES;
				INFOPLIST_KEY_UILaunchStoryboardName = LaunchScreen;
				INFOPLIST_KEY_UIMainStoryboardFile = Main;
				INFOPLIST_KEY_UISupportedInterfaceOrientations_iPad = "UIInterfaceOrientationPortrait UIInterfaceOrientationPortraitUpsideDown UIInterfaceOrientationLandscapeLeft UIInterfaceOrientationLandscapeRight";
				INFOPLIST_KEY_UISupportedInterfaceOrientations_iPhone = "UIInterfaceOrientationPortrait UIInterfaceOrientationLandscapeLeft UIInterfaceOrientationLandscapeRight";
				LD_RUNPATH_SEARCH_PATHS = (
					"$(inherited)",
					"@executable_path/Frameworks",
				);
				MARKETING_VERSION = 1.0;
				PRODUCT_BUNDLE_IDENTIFIER = com.elexoft.FacebookCloneAllScreensUITabBar;
				PRODUCT_NAME = "$(TARGET_NAME)";
				SWIFT_EMIT_LOC_STRINGS = YES;
				SWIFT_VERSION = 5.0;
				TARGETED_DEVICE_FAMILY = "1,2";
			};
			name = Debug;
		};
		D0E632B52CF58B7900989795 /* Release */ = {
			isa = XCBuildConfiguration;
			buildSettings = {
				ASSETCATALOG_COMPILER_APPICON_NAME = AppIcon;
				ASSETCATALOG_COMPILER_GLOBAL_ACCENT_COLOR_NAME = AccentColor;
				CODE_SIGN_STYLE = Automatic;
				CURRENT_PROJECT_VERSION = 1;
				GENERATE_INFOPLIST_FILE = YES;
				INFOPLIST_FILE = FacebookCloneAllScreensUITabBar/Info.plist;
				INFOPLIST_KEY_UIApplicationSupportsIndirectInputEvents = YES;
				INFOPLIST_KEY_UILaunchStoryboardName = LaunchScreen;
				INFOPLIST_KEY_UIMainStoryboardFile = Main;
				INFOPLIST_KEY_UISupportedInterfaceOrientations_iPad = "UIInterfaceOrientationPortrait UIInterfaceOrientationPortraitUpsideDown UIInterfaceOrientationLandscapeLeft UIInterfaceOrientationLandscapeRight";
				INFOPLIST_KEY_UISupportedInterfaceOrientations_iPhone = "UIInterfaceOrientationPortrait UIInterfaceOrientationLandscapeLeft UIInterfaceOrientationLandscapeRight";
				LD_RUNPATH_SEARCH_PATHS = (
					"$(inherited)",
					"@executable_path/Frameworks",
				);
				MARKETING_VERSION = 1.0;
				PRODUCT_BUNDLE_IDENTIFIER = com.elexoft.FacebookCloneAllScreensUITabBar;
				PRODUCT_NAME = "$(TARGET_NAME)";
				SWIFT_EMIT_LOC_STRINGS = YES;
				SWIFT_VERSION = 5.0;
				TARGETED_DEVICE_FAMILY = "1,2";
			};
			name = Release;
		};
		D0E632B62CF58B7900989795 /* Debug */ = {
			isa = XCBuildConfiguration;
			buildSettings = {
				ALWAYS_SEARCH_USER_PATHS = NO;
				ASSETCATALOG_COMPILER_GENERATE_SWIFT_ASSET_SYMBOL_EXTENSIONS = YES;
				CLANG_ANALYZER_NONNULL = YES;
				CLANG_ANALYZER_NUMBER_OBJECT_CONVERSION = YES_AGGRESSIVE;
				CLANG_CXX_LANGUAGE_STANDARD = "gnu++20";
				CLANG_ENABLE_MODULES = YES;
				CLANG_ENABLE_OBJC_ARC = YES;
				CLANG_ENABLE_OBJC_WEAK = YES;
				CLANG_WARN_BLOCK_CAPTURE_AUTORELEASING = YES;
				CLANG_WARN_BOOL_CONVERSION = YES;
				CLANG_WARN_COMMA = YES;
				CLANG_WARN_CONSTANT_CONVERSION = YES;
				CLANG_WARN_DEPRECATED_OBJC_IMPLEMENTATIONS = YES;
				CLANG_WARN_DIRECT_OBJC_ISA_USAGE = YES_ERROR;
				CLANG_WARN_DOCUMENTATION_COMMENTS = YES;
				CLANG_WARN_EMPTY_BODY = YES;
				CLANG_WARN_ENUM_CONVERSION = YES;
				CLANG_WARN_INFINITE_RECURSION = YES;
				CLANG_WARN_INT_CONVERSION = YES;
				CLANG_WARN_NON_LITERAL_NULL_CONVERSION = YES;
				CLANG_WARN_OBJC_IMPLICIT_RETAIN_SELF = YES;
				CLANG_WARN_OBJC_LITERAL_CONVERSION = YES;
				CLANG_WARN_OBJC_ROOT_CLASS = YES_ERROR;
				CLANG_WARN_QUOTED_INCLUDE_IN_FRAMEWORK_HEADER = YES;
				CLANG_WARN_RANGE_LOOP_ANALYSIS = YES;
				CLANG_WARN_STRICT_PROTOTYPES = YES;
				CLANG_WARN_SUSPICIOUS_MOVE = YES;
				CLANG_WARN_UNGUARDED_AVAILABILITY = YES_AGGRESSIVE;
				CLANG_WARN_UNREACHABLE_CODE = YES;
				CLANG_WARN__DUPLICATE_METHOD_MATCH = YES;
				COPY_PHASE_STRIP = NO;
				DEBUG_INFORMATION_FORMAT = dwarf;
				ENABLE_STRICT_OBJC_MSGSEND = YES;
				ENABLE_TESTABILITY = YES;
				ENABLE_USER_SCRIPT_SANDBOXING = YES;
				GCC_C_LANGUAGE_STANDARD = gnu17;
				GCC_DYNAMIC_NO_PIC = NO;
				GCC_NO_COMMON_BLOCKS = YES;
				GCC_OPTIMIZATION_LEVEL = 0;
				GCC_PREPROCESSOR_DEFINITIONS = (
					"DEBUG=1",
					"$(inherited)",
				);
				GCC_WARN_64_TO_32_BIT_CONVERSION = YES;
				GCC_WARN_ABOUT_RETURN_TYPE = YES_ERROR;
				GCC_WARN_UNDECLARED_SELECTOR = YES;
				GCC_WARN_UNINITIALIZED_AUTOS = YES_AGGRESSIVE;
				GCC_WARN_UNUSED_FUNCTION = YES;
				GCC_WARN_UNUSED_VARIABLE = YES;
				IPHONEOS_DEPLOYMENT_TARGET = 18.1;
				LOCALIZATION_PREFERS_STRING_CATALOGS = YES;
				MTL_ENABLE_DEBUG_INFO = INCLUDE_SOURCE;
				MTL_FAST_MATH = YES;
				ONLY_ACTIVE_ARCH = YES;
				SDKROOT = iphoneos;
				SWIFT_ACTIVE_COMPILATION_CONDITIONS = "DEBUG $(inherited)";
				SWIFT_OPTIMIZATION_LEVEL = "-Onone";
			};
			name = Debug;
		};
		D0E632B72CF58B7900989795 /* Release */ = {
			isa = XCBuildConfiguration;
			buildSettings = {
				ALWAYS_SEARCH_USER_PATHS = NO;
				ASSETCATALOG_COMPILER_GENERATE_SWIFT_ASSET_SYMBOL_EXTENSIONS = YES;
				CLANG_ANALYZER_NONNULL = YES;
				CLANG_ANALYZER_NUMBER_OBJECT_CONVERSION = YES_AGGRESSIVE;
				CLANG_CXX_LANGUAGE_STANDARD = "gnu++20";
				CLANG_ENABLE_MODULES = YES;
				CLANG_ENABLE_OBJC_ARC = YES;
				CLANG_ENABLE_OBJC_WEAK = YES;
				CLANG_WARN_BLOCK_CAPTURE_AUTORELEASING = YES;
				CLANG_WARN_BOOL_CONVERSION = YES;
				CLANG_WARN_COMMA = YES;
				CLANG_WARN_CONSTANT_CONVERSION = YES;
				CLANG_WARN_DEPRECATED_OBJC_IMPLEMENTATIONS = YES;
				CLANG_WARN_DIRECT_OBJC_ISA_USAGE = YES_ERROR;
				CLANG_WARN_DOCUMENTATION_COMMENTS = YES;
				CLANG_WARN_EMPTY_BODY = YES;
				CLANG_WARN_ENUM_CONVERSION = YES;
				CLANG_WARN_INFINITE_RECURSION = YES;
				CLANG_WARN_INT_CONVERSION = YES;
				CLANG_WARN_NON_LITERAL_NULL_CONVERSION = YES;
				CLANG_WARN_OBJC_IMPLICIT_RETAIN_SELF = YES;
				CLANG_WARN_OBJC_LITERAL_CONVERSION = YES;
				CLANG_WARN_OBJC_ROOT_CLASS = YES_ERROR;
				CLANG_WARN_QUOTED_INCLUDE_IN_FRAMEWORK_HEADER = YES;
				CLANG_WARN_RANGE_LOOP_ANALYSIS = YES;
				CLANG_WARN_STRICT_PROTOTYPES = YES;
				CLANG_WARN_SUSPICIOUS_MOVE = YES;
				CLANG_WARN_UNGUARDED_AVAILABILITY = YES_AGGRESSIVE;
				CLANG_WARN_UNREACHABLE_CODE = YES;
				CLANG_WARN__DUPLICATE_METHOD_MATCH = YES;
				COPY_PHASE_STRIP = NO;
				DEBUG_INFORMATION_FORMAT = "dwarf-with-dsym";
				ENABLE_NS_ASSERTIONS = NO;
				ENABLE_STRICT_OBJC_MSGSEND = YES;
				ENABLE_USER_SCRIPT_SANDBOXING = YES;
				GCC_C_LANGUAGE_STANDARD = gnu17;
				GCC_NO_COMMON_BLOCKS = YES;
				GCC_WARN_64_TO_32_BIT_CONVERSION = YES;
				GCC_WARN_ABOUT_RETURN_TYPE = YES_ERROR;
				GCC_WARN_UNDECLARED_SELECTOR = YES;
				GCC_WARN_UNINITIALIZED_AUTOS = YES_AGGRESSIVE;
				GCC_WARN_UNUSED_FUNCTION = YES;
				GCC_WARN_UNUSED_VARIABLE = YES;
				IPHONEOS_DEPLOYMENT_TARGET = 18.1;
				LOCALIZATION_PREFERS_STRING_CATALOGS = YES;
				MTL_ENABLE_DEBUG_INFO = NO;
				MTL_FAST_MATH = YES;
				SDKROOT = iphoneos;
				SWIFT_COMPILATION_MODE = wholemodule;
				VALIDATE_PRODUCT = YES;
			};
			name = Release;
		};
		D0E632B92CF58B7900989795 /* Debug */ = {
			isa = XCBuildConfiguration;
			buildSettings = {
				BUNDLE_LOADER = "$(TEST_HOST)";
				CODE_SIGN_STYLE = Automatic;
				CURRENT_PROJECT_VERSION = 1;
				GENERATE_INFOPLIST_FILE = YES;
				IPHONEOS_DEPLOYMENT_TARGET = 18.1;
				MARKETING_VERSION = 1.0;
				PRODUCT_BUNDLE_IDENTIFIER = com.elexoft.FacebookCloneAllScreensUITabBarTests;
				PRODUCT_NAME = "$(TARGET_NAME)";
				SWIFT_EMIT_LOC_STRINGS = NO;
				SWIFT_VERSION = 5.0;
				TARGETED_DEVICE_FAMILY = "1,2";
				TEST_HOST = "$(BUILT_PRODUCTS_DIR)/FacebookCloneAllScreensUITabBar.app/$(BUNDLE_EXECUTABLE_FOLDER_PATH)/FacebookCloneAllScreensUITabBar";
			};
			name = Debug;
		};
		D0E632BA2CF58B7900989795 /* Release */ = {
			isa = XCBuildConfiguration;
			buildSettings = {
				BUNDLE_LOADER = "$(TEST_HOST)";
				CODE_SIGN_STYLE = Automatic;
				CURRENT_PROJECT_VERSION = 1;
				GENERATE_INFOPLIST_FILE = YES;
				IPHONEOS_DEPLOYMENT_TARGET = 18.1;
				MARKETING_VERSION = 1.0;
				PRODUCT_BUNDLE_IDENTIFIER = com.elexoft.FacebookCloneAllScreensUITabBarTests;
				PRODUCT_NAME = "$(TARGET_NAME)";
				SWIFT_EMIT_LOC_STRINGS = NO;
				SWIFT_VERSION = 5.0;
				TARGETED_DEVICE_FAMILY = "1,2";
				TEST_HOST = "$(BUILT_PRODUCTS_DIR)/FacebookCloneAllScreensUITabBar.app/$(BUNDLE_EXECUTABLE_FOLDER_PATH)/FacebookCloneAllScreensUITabBar";
			};
			name = Release;
		};
		D0E632BC2CF58B7900989795 /* Debug */ = {
			isa = XCBuildConfiguration;
			buildSettings = {
				CODE_SIGN_STYLE = Automatic;
				CURRENT_PROJECT_VERSION = 1;
				GENERATE_INFOPLIST_FILE = YES;
				MARKETING_VERSION = 1.0;
				PRODUCT_BUNDLE_IDENTIFIER = com.elexoft.FacebookCloneAllScreensUITabBarUITests;
				PRODUCT_NAME = "$(TARGET_NAME)";
				SWIFT_EMIT_LOC_STRINGS = NO;
				SWIFT_VERSION = 5.0;
				TARGETED_DEVICE_FAMILY = "1,2";
				TEST_TARGET_NAME = FacebookCloneAllScreensUITabBar;
			};
			name = Debug;
		};
		D0E632BD2CF58B7900989795 /* Release */ = {
			isa = XCBuildConfiguration;
			buildSettings = {
				CODE_SIGN_STYLE = Automatic;
				CURRENT_PROJECT_VERSION = 1;
				GENERATE_INFOPLIST_FILE = YES;
				MARKETING_VERSION = 1.0;
				PRODUCT_BUNDLE_IDENTIFIER = com.elexoft.FacebookCloneAllScreensUITabBarUITests;
				PRODUCT_NAME = "$(TARGET_NAME)";
				SWIFT_EMIT_LOC_STRINGS = NO;
				SWIFT_VERSION = 5.0;
				TARGETED_DEVICE_FAMILY = "1,2";
				TEST_TARGET_NAME = FacebookCloneAllScreensUITabBar;
			};
			name = Release;
		};
/* End XCBuildConfiguration section */

/* Begin XCConfigurationList section */
		D0E632852CF58B7600989795 /* Build configuration list for PBXProject "FacebookCloneAllScreensUITabBar" */ = {
			isa = XCConfigurationList;
			buildConfigurations = (
				D0E632B62CF58B7900989795 /* Debug */,
				D0E632B72CF58B7900989795 /* Release */,
			);
			defaultConfigurationIsVisible = 0;
			defaultConfigurationName = Release;
		};
		D0E632B32CF58B7900989795 /* Build configuration list for PBXNativeTarget "FacebookCloneAllScreensUITabBar" */ = {
			isa = XCConfigurationList;
			buildConfigurations = (
				D0E632B42CF58B7900989795 /* Debug */,
				D0E632B52CF58B7900989795 /* Release */,
			);
			defaultConfigurationIsVisible = 0;
			defaultConfigurationName = Release;
		};
		D0E632B82CF58B7900989795 /* Build configuration list for PBXNativeTarget "FacebookCloneAllScreensUITabBarTests" */ = {
			isa = XCConfigurationList;
			buildConfigurations = (
				D0E632B92CF58B7900989795 /* Debug */,
				D0E632BA2CF58B7900989795 /* Release */,
			);
			defaultConfigurationIsVisible = 0;
			defaultConfigurationName = Release;
		};
		D0E632BB2CF58B7900989795 /* Build configuration list for PBXNativeTarget "FacebookCloneAllScreensUITabBarUITests" */ = {
			isa = XCConfigurationList;
			buildConfigurations = (
				D0E632BC2CF58B7900989795 /* Debug */,
				D0E632BD2CF58B7900989795 /* Release */,
			);
			defaultConfigurationIsVisible = 0;
			defaultConfigurationName = Release;
		};
/* End XCConfigurationList section */
	};
	rootObject = D0E632822CF58B7600989795 /* Project object */;
}
